# This file is automatically @generated by Cargo.
# It is not intended for manual editing.
version = 4

[[package]]
name = "inventory"
version = "0.3.24"
source = "registry+https://github.com/rust-lang/crates.io-index"
checksum = "a4f0c30c76f2f4ccee3fe55a2435f691ca00c0e4bd87abe4f4a851b1d4dac39b"
dependencies = [
 "rustversion",
]

[[package]]
name = "list-nodes"
version = "0.1.0"
dependencies = [
 "nodetool",
 "plugin-shapes",
 "plugin-text",
]

[[package]]
name = "list-nodes-empty"
version = "0.1.0"
dependencies = [
 "nodetool",
]

[[package]]
name = "nodetool"
version = "0.1.0"
dependencies = [
 "inventory",
 "test-plugin-alpha",
 "test-plugin-beta",
]

[[package]]
name = "plugin-shapes"
version = "0.1.0"
dependencies = [
 "nodetool",
]

[[package]]
name = "plugin-text"
version = "0.1.0"
dependencies = [
 "nodetool",
]

[[package]]
name = "rustversion"
version = "1.0.23"
source = "registry+https://github.com/rust-lang/crates.io-index"
checksum = "cf54715a573b99ac80df0bc206da022bcd442c974952c7b9720069370852e21f"

[[package]]
name = "test-plugin-alpha"
version = "0.1.0"
dependencies = [
 "nodetool",
]

[[package]]
name = "test-plugin-beta"
version = "0.1.0"
dependencies = [
 "nodetool",
]
